%{
  "elixir_make": {:hex, :elixir_make, "0.4.1", "6628b86053190a80b9072382bb9756a6c78624f208ec0ff22cb94c8977d80060", [:mix], [], "hexpm"},
  "gen_state_machine": {:hex, :gen_state_machine, "2.0.2", "52abcba0981a058940c2a9b33b704e126d808418a6e85d45fa466d7450a90381", [:mix], [], "hexpm"},
  "lz_string": {:hex, :lz_string, "0.0.7", "625937fed589a7514d475b2396a81cbd54a3fab47764e57a9a6eac6784f86b24", [:mix], [], "hexpm"},
  "nerves_uart": {:hex, :nerves_uart, "1.2.0", "195424116b925cd3bf9d666be036c2a80655e6ca0f8d447e277667a60005c50e", [:mix], [{:elixir_make, "~> 0.4", [hex: :elixir_make, repo: "hexpm", optional: false]}], "hexpm"},
  "phoenix_pubsub": {:git, "https://github.com/phoenixframework/phoenix_pubsub.git", "daedc139726f38b6de2a84ca8d9d1eeb4f5b6307", []},
  "retry": {:hex, :retry, "0.8.2", "7b57bd5e1e7efeca04dd740cabdc3930c472cfa7e0186949de180c64417e9c35", [:mix], [], "hexpm"},
}
